
Microsoft Visual Studio Solution File, Format Version 12.00
# Visual Studio Version 17
VisualStudioVersion = 17.4.33110.190
MinimumVisualStudioVersion = 10.0.40219.1
Project("{9A19103F-16F7-4668-BE54-9A1E7A4F7556}") = "Dominio", "Dominio\Dominio.csproj", "{CF600622-B182-4A54-8C6A-440810627E9B}"
EndProject
Project("{9A19103F-16F7-4668-BE54-9A1E7A4F7556}") = "API", "API\API.csproj", "{A32F7C09-0DE5-4763-8682-D92D0B90B6C5}"
EndProject
Global
	GlobalSection(SolutionConfigurationPlatforms) = preSolution
		Debug|Any CPU = Debug|Any CPU
		Release|Any CPU = Release|Any CPU
	EndGlobalSection
	GlobalSection(ProjectConfigurationPlatforms) = postSolution
		{CF600622-B182-4A54-8C6A-440810627E9B}.Debug|Any CPU.ActiveCfg = Debug|Any CPU
		{CF600622-B182-4A54-8C6A-440810627E9B}.Debug|Any CPU.Build.0 = Debug|Any CPU
		{CF600622-B182-4A54-8C6A-440810627E9B}.Release|Any CPU.ActiveCfg = Release|Any CPU
		{CF600622-B182-4A54-8C6A-440810627E9B}.Release|Any CPU.Build.0 = Release|Any CPU
		{A32F7C09-0DE5-4763-8682-D92D0B90B6C5}.Debug|Any CPU.ActiveCfg = Debug|Any CPU
		{A32F7C09-0DE5-4763-8682-D92D0B90B6C5}.Debug|Any CPU.Build.0 = Debug|Any CPU
		{A32F7C09-0DE5-4763-8682-D92D0B90B6C5}.Release|Any CPU.ActiveCfg = Release|Any CPU
		{A32F7C09-0DE5-4763-8682-D92D0B90B6C5}.Release|Any CPU.Build.0 = Release|Any CPU
	EndGlobalSection
	GlobalSection(SolutionProperties) = preSolution
		HideSolutionNode = FALSE
	EndGlobalSection
	GlobalSection(ExtensibilityGlobals) = postSolution
		SolutionGuid = {BC6B23CD-EDEF-42BE-B9C3-E55DB129DE3B}
	EndGlobalSection
EndGlobal
